<?xml version="1.0" encoding="utf-8"?>
<Project ToolsVersion="4.0" xmlns="http://schemas.microsoft.com/developer/msbuild/2003">
  <ItemGroup>
    <Filter Include="Sample">
      <UniqueIdentifier>{40cdc1c3-02d5-4869-8804-dc73f8eb926a}</UniqueIdentifier>
    </Filter>
    <Filter Include="Plugin">
      <UniqueIdentifier>{9845c719-9938-4d28-8a26-9f447fe73524}</UniqueIdentifier>
    </Filter>
  </ItemGroup>
  <ItemGroup>
    <ClCompile Include="RPC3Sample.cpp">
      <Filter>Sample</Filter>
    </ClCompile>
    <ClCompile Include="..\..\DependentExtensions\RPC3\RPC3.cpp">
      <Filter>Plugin</Filter>
    </ClCompile>
  </ItemGroup>
  <ItemGroup>
    <ClInclude Include="..\..\DependentExtensions\RPC3\RPC3.h">
      <Filter>Plugin</Filter>
    </ClInclude>
    <ClInclude Include="..\..\DependentExtensions\RPC3\RPC3_Boost.h">
      <Filter>Plugin</Filter>
    </ClInclude>
  </ItemGroup>
  <ItemGroup>
    <Text Include="readme.txt" />
  </ItemGroup>
</Project>